%{
  "aino": {:hex, :aino, "0.3.0", "3a9ffa0867679a2018c7a6c61c481ceaa1c5d1d9d525330c76647257bd0b5137", [:mix], [{:elli, "~> 3.3", [hex: :elli, repo: "hexpm", optional: false]}, {:erlexec, "~> 1.0", [hex: :erlexec, repo: "hexpm", optional: false]}, {:jason, "~> 1.2", [hex: :jason, repo: "hexpm", optional: false]}], "hexpm", "51d0235cbcb3add2342761f4004b5c4f00993cdec620cd0640cf551a79a345c8"},
  "elli": {:hex, :elli, "3.3.0", "089218762a7ff3d20ae81c8e911bd0f73ee4ee0ed85454226d1fc6b4fff3b4f6", [:rebar3], [], "hexpm", "698b13b33d05661db9fe7efcba41b84825a379cce86e486cf6aff9285be0ccf8"},
  "erlexec": {:hex, :erlexec, "1.19.1", "bdd10c4f6c5f3c5c9aa31f5293681b128fab4a25a750119ef07a65f376f3c2ce", [:rebar3], [], "hexpm", "03597ae9140b4e62009e94ba0a0bbf481560146069a90a3eacd32774ea348fd0"},
  "jason": {:hex, :jason, "1.3.0", "fa6b82a934feb176263ad2df0dbd91bf633d4a46ebfdffea0c8ae82953714946", [:mix], [{:decimal, "~> 1.0 or ~> 2.0", [hex: :decimal, repo: "hexpm", optional: true]}], "hexpm", "53fc1f51255390e0ec7e50f9cb41e751c260d065dcba2bf0d08dc51a4002c2ac"},
  "norm": {:hex, :norm, "0.13.0", "2c562113f3205e3f195ee288d3bd1ab903743e7e9f3282562c56c61c4d95dec4", [:mix], [{:stream_data, "~> 0.5", [hex: :stream_data, repo: "hexpm", optional: true]}], "hexpm", "447cc96dd2d0e19dcb37c84b5fc0d6842aad69386e846af048046f95561d46d7"},
  "toml": {:hex, :toml, "0.6.2", "38f445df384a17e5d382befe30e3489112a48d3ba4c459e543f748c2f25dd4d1", [:mix], [], "hexpm", "d013e45126d74c0c26a38d31f5e8e9b83ea19fc752470feb9a86071ca5a672fa"},
  "vapor": {:hex, :vapor, "0.10.0", "547a94b381093dea61a4ca2200109385b6e44b86d72d1ebf93e5ac1a8873bc3c", [:mix], [{:jason, "~> 1.1", [hex: :jason, repo: "hexpm", optional: false]}, {:norm, "~> 0.9", [hex: :norm, repo: "hexpm", optional: false]}, {:toml, "~> 0.3", [hex: :toml, repo: "hexpm", optional: false]}, {:yaml_elixir, "~> 2.1", [hex: :yaml_elixir, repo: "hexpm", optional: false]}], "hexpm", "ee6d089a71309647a0a2a2ae6cf3bea61739a983e8c1310d53ff04b1493afbc1"},
  "yamerl": {:hex, :yamerl, "0.10.0", "4ff81fee2f1f6a46f1700c0d880b24d193ddb74bd14ef42cb0bcf46e81ef2f8e", [:rebar3], [], "hexpm", "346adb2963f1051dc837a2364e4acf6eb7d80097c0f53cbdc3046ec8ec4b4e6e"},
  "yaml_elixir": {:hex, :yaml_elixir, "2.8.0", "c7ff0034daf57279c2ce902788ce6fdb2445532eb4317e8df4b044209fae6832", [:mix], [{:yamerl, "~> 0.8", [hex: :yamerl, repo: "hexpm", optional: false]}], "hexpm", "4b674bd881e373d1ac6a790c64b2ecb69d1fd612c2af3b22de1619c15473830b"},
}
